
Microsoft Visual Studio Solution File, Format Version 12.00
# Visual Studio Version 16
VisualStudioVersion = 16.0.31313.79
MinimumVisualStudioVersion = 10.0.40219.1
Project("{FAE04EC0-301F-11D3-BF4B-00C04F79EFBC}") = "AlgorytmNEH", "AlgorytmNEH.csproj", "{8792CF8F-3748-42FF-88C5-8A06D6498CEA}"
EndProject
Global
	GlobalSection(SolutionConfigurationPlatforms) = preSolution
		Debug|Any CPU = Debug|Any CPU
		Release|Any CPU = Release|Any CPU
	EndGlobalSection
	GlobalSection(ProjectConfigurationPlatforms) = postSolution
		{8792CF8F-3748-42FF-88C5-8A06D6498CEA}.Debug|Any CPU.ActiveCfg = Debug|Any CPU
		{8792CF8F-3748-42FF-88C5-8A06D6498CEA}.Debug|Any CPU.Build.0 = Debug|Any CPU
		{8792CF8F-3748-42FF-88C5-8A06D6498CEA}.Release|Any CPU.ActiveCfg = Release|Any CPU
		{8792CF8F-3748-42FF-88C5-8A06D6498CEA}.Release|Any CPU.Build.0 = Release|Any CPU
	EndGlobalSection
	GlobalSection(SolutionProperties) = preSolution
		HideSolutionNode = FALSE
	EndGlobalSection
	GlobalSection(ExtensibilityGlobals) = postSolution
		SolutionGuid = {9FF98FBA-6199-4D8B-A183-70362ACED93D}
	EndGlobalSection
EndGlobal
